github.com/acobaugh/krb5-go v0.0.0-20170814010705-f3a4e205baf7 h1:gcocQJmTaYxPHj6nvJ4/mRDu1K/UNz/ig55XGwTq4iE=
github.com/acobaugh/krb5-go v0.0.0-20170814010705-f3a4e205baf7/go.mod h1:NUVv4lk5jkaYovmkPP27iqqdA9EB7Hsu1hRAWQH2h88=
github.com/alexflint/go-arg v1.1.0 h1:92ADei0d3TP0mGBdJ/FNcF54X6uFY7BQfhqkrQt3CCE=
github.com/alexflint/go-arg v1.1.0/go.mod h1:3Rj4baqzWaGGmZA2+bVTV8zQOZEjBQAPBnL5xLT+ftY=
github.com/alexflint/go-scalar v1.0.0 h1:NGupf1XV/Xb04wXskDFzS0KWOLH632W/EO4fAFi+A70=
github.com/alexflint/go-scalar v1.0.0/go.mod h1:GpHzbCOZXEKMEcygYQ5n/aa4Aq84zbxjy3MxYW0gjYw=
github.com/davecgh/go-spew v1.1.1/go.mod h1:J7Y8YcW2NihsgmVo/mv3lAwl/skON4iLHjSsI+c5H38=
github.com/mattn/go-runewidth v0.0.4 h1:2BvfKmzob6Bmd4YsL0zygOqfdFnK7GR4QL06Do4/p7Y=
github.com/mattn/go-runewidth v0.0.4/go.mod h1:LwmH8dsx7+W8Uxz3IHJYH5QSwggIsqBzpuz5H//U1FU=
github.com/montanaflynn/stats v0.5.0 h1:2EkzeTSqBB4V4bJwWrt5gIIrZmpJBcoIRGS2kWLgzmk=
github.com/montanaflynn/stats v0.5.0/go.mod h1:wL8QJuTMNUDYhXwkmfOly8iTdp5TEcJFWZD2D7SIkUc=
github.com/pmezard/go-difflib v1.0.0/go.mod h1:iKH77koFhYxTK1pcRnkKkqfTogsbg7gZNVY4sRDYZ/4=
github.com/stretchr/testify v1.2.2/go.mod h1:a8OnRcib4nhh0OaRAV+Yts87kKdq0PP7pXfy6kDkUVs=
golang.org/x/sys v0.0.0-20191002091554-b397fe3ad8ed h1:5TJcLJn2a55mJjzYk0yOoqN8X1OdvBDUnaZaKKyQtkY=
golang.org/x/sys v0.0.0-20191002091554-b397fe3ad8ed/go.mod h1:h1NjWce9XRLGQEsW7wpKNCjG9DtNlClVuFLEZdDNbEs=
gopkg.in/cheggaaa/pb.v1 v1.0.28 h1:n1tBJnnK2r7g9OW2btFH91V92STTUevLXYFb8gy9EMk=
gopkg.in/cheggaaa/pb.v1 v1.0.28/go.mod h1:V/YB90LKu/1FcN3WVnfiiE5oMCibMjukxqG/qStrOgw=
